
Microsoft Visual Studio Solution File, Format Version 12.00
Project("{FAE04EC0-301F-11D3-BF4B-00C04F79EFBC}") = "InfluxDb.Kapacitor", "InfluxDb.Kapacitor\InfluxDb.Kapacitor.csproj", "{40B1CFF3-F240-43ED-B73F-1529B733F123}"
EndProject
Project("{2150E333-8FDC-42A3-9474-1A3956D46DE8}") = "Solution Items", "Solution Items", "{24BB5884-2198-4969-8BEE-F4E5E857ECD9}"
	ProjectSection(SolutionItems) = preProject
		README.md = README.md
	EndProjectSection
EndProject
Global
	GlobalSection(SolutionConfigurationPlatforms) = preSolution
		Debug|Any CPU = Debug|Any CPU
		Release|Any CPU = Release|Any CPU
	EndGlobalSection
	GlobalSection(ProjectConfigurationPlatforms) = postSolution
		{40B1CFF3-F240-43ED-B73F-1529B733F123}.Debug|Any CPU.ActiveCfg = Debug|Any CPU
		{40B1CFF3-F240-43ED-B73F-1529B733F123}.Debug|Any CPU.Build.0 = Debug|Any CPU
		{40B1CFF3-F240-43ED-B73F-1529B733F123}.Release|Any CPU.ActiveCfg = Release|Any CPU
		{40B1CFF3-F240-43ED-B73F-1529B733F123}.Release|Any CPU.Build.0 = Release|Any CPU
	EndGlobalSection
EndGlobal
